
Microsoft Visual Studio Solution File, Format Version 12.00
# Visual Studio Version 17
VisualStudioVersion = 17.5.33530.505
MinimumVisualStudioVersion = 10.0.40219.1
Project("{FAE04EC0-301F-11D3-BF4B-00C04F79EFBC}") = "HospitalApp", "HospitalApp\HospitalApp.csproj", "{0C7DED42-4AD1-4C0A-89E0-4F64594F7764}"
EndProject
Global
	GlobalSection(SolutionConfigurationPlatforms) = preSolution
		Debug|Any CPU = Debug|Any CPU
		Release|Any CPU = Release|Any CPU
	EndGlobalSection
	GlobalSection(ProjectConfigurationPlatforms) = postSolution
		{0C7DED42-4AD1-4C0A-89E0-4F64594F7764}.Debug|Any CPU.ActiveCfg = Debug|Any CPU
		{0C7DED42-4AD1-4C0A-89E0-4F64594F7764}.Debug|Any CPU.Build.0 = Debug|Any CPU
		{0C7DED42-4AD1-4C0A-89E0-4F64594F7764}.Release|Any CPU.ActiveCfg = Release|Any CPU
		{0C7DED42-4AD1-4C0A-89E0-4F64594F7764}.Release|Any CPU.Build.0 = Release|Any CPU
	EndGlobalSection
	GlobalSection(SolutionProperties) = preSolution
		HideSolutionNode = FALSE
	EndGlobalSection
	GlobalSection(ExtensibilityGlobals) = postSolution
		SolutionGuid = {456B32F9-E3FF-40E7-9B24-7D0330B246BD}
	EndGlobalSection
EndGlobal
